// !$*UTF8*$!
{
	archiveVersion = 1;
	classes = {
	};
	objectVersion = 77;
	objects = {

/* Begin PBXContainerItemProxy section */
		FFC086872DC4BB7C00C7D623 /* PBXContainerItemProxy */ = {
			isa = PBXContainerItemProxy;
			containerPortal = FFC0866E2DC4BB7A00C7D623 /* Project object */;
			proxyType = 1;
			remoteGlobalIDString = FFC086752DC4BB7A00C7D623;
			remoteInfo = "Household accounting app";
		};
		FFC086912DC4BB7C00C7D623 /* PBXContainerItemProxy */ = {
			isa = PBXContainerItemProxy;
			containerPortal = FFC0866E2DC4BB7A00C7D623 /* Project object */;
			proxyType = 1;
			remoteGlobalIDString = FFC086752DC4BB7A00C7D623;
			remoteInfo = "Household accounting app";
		};
/* End PBXContainerItemProxy section */

/* Begin PBXFileReference section */
		FFC086762DC4BB7A00C7D623 /* Household accounting app.app */ = {isa = PBXFileReference; explicitFileType = wrapper.application; includeInIndex = 0; path = "Household accounting app.app"; sourceTree = BUILT_PRODUCTS_DIR; };
		FFC086862DC4BB7C00C7D623 /* Household accounting appTests.xctest */ = {isa = PBXFileReference; explicitFileType = wrapper.cfbundle; includeInIndex = 0; path = "Household accounting appTests.xctest"; sourceTree = BUILT_PRODUCTS_DIR; };
		FFC086902DC4BB7C00C7D623 /* Household accounting appUITests.xctest */ = {isa = PBXFileReference; explicitFileType = wrapper.cfbundle; includeInIndex = 0; path = "Household accounting appUITests.xctest"; sourceTree = BUILT_PRODUCTS_DIR; };
/* End PBXFileReference section */

/* Begin PBXFileSystemSynchronizedRootGroup section */
		FFC086782DC4BB7A00C7D623 /* Household accounting app */ = {
			isa = PBXFileSystemSynchronizedRootGroup;
			path = "Household accounting app";
			sourceTree = "<group>";
		};
		FFC086892DC4BB7C00C7D623 /* Household accounting appTests */ = {
			isa = PBXFileSystemSynchronizedRootGroup;
			path = "Household accounting appTests";
			sourceTree = "<group>";
		};
		FFC086932DC4BB7C00C7D623 /* Household accounting appUITests */ = {
			isa = PBXFileSystemSynchronizedRootGroup;
			path = "Household accounting appUITests";
			sourceTree = "<group>";
		};
/* End PBXFileSystemSynchronizedRootGroup section */

/* Begin PBXFrameworksBuildPhase section */
		FFC086732DC4BB7A00C7D623 /* Frameworks */ = {
			isa = PBXFrameworksBuildPhase;
			buildActionMask = 2147483647;
			files = (
			);
			runOnlyForDeploymentPostprocessing = 0;
		};
		FFC086832DC4BB7C00C7D623 /* Frameworks */ = {
			isa = PBXFrameworksBuildPhase;
			buildActionMask = 2147483647;
			files = (
			);
			runOnlyForDeploymentPostprocessing = 0;
		};
		FFC0868D2DC4BB7C00C7D623 /* Frameworks */ = {
			isa = PBXFrameworksBuildPhase;
			buildActionMask = 2147483647;
			files = (
			);
			runOnlyForDeploymentPostprocessing = 0;
		};
/* End PBXFrameworksBuildPhase section */

/* Begin PBXGroup section */
		FFC0866D2DC4BB7A00C7D623 = {
			isa = PBXGroup;
			children = (
				FFC086782DC4BB7A00C7D623 /* Household accounting app */,
				FFC086892DC4BB7C00C7D623 /* Household accounting appTests */,
				FFC086932DC4BB7C00C7D623 /* Household accounting appUITests */,
				FFC086772DC4BB7A00C7D623 /* Products */,
			);
			sourceTree = "<group>";
		};
		FFC086772DC4BB7A00C7D623 /* Products */ = {
			isa = PBXGroup;
			children = (
				FFC086762DC4BB7A00C7D623 /* Household accounting app.app */,
				FFC086862DC4BB7C00C7D623 /* Household accounting appTests.xctest */,
				FFC086902DC4BB7C00C7D623 /* Household accounting appUITests.xctest */,
			);
			name = Products;
			sourceTree = "<group>";
		};
/* End PBXGroup section */

/* Begin PBXNativeTarget section */
		FFC086752DC4BB7A00C7D623 /* Household accounting app */ = {
			isa = PBXNativeTarget;
			buildConfigurationList = FFC0869A2DC4BB7C00C7D623 /* Build configuration list for PBXNativeTarget "Household accounting app" */;
			buildPhases = (
				FFC086722DC4BB7A00C7D623 /* Sources */,
				FFC086732DC4BB7A00C7D623 /* Frameworks */,
				FFC086742DC4BB7A00C7D623 /* Resources */,
			);
			buildRules = (
			);
			dependencies = (
			);
			fileSystemSynchronizedGroups = (
				FFC086782DC4BB7A00C7D623 /* Household accounting app */,
			);
			name = "Household accounting app";
			packageProductDependencies = (
			);
			productName = "Household accounting app";
			productReference = FFC086762DC4BB7A00C7D623 /* Household accounting app.app */;
			productType = "com.apple.product-type.application";
		};
		FFC086852DC4BB7C00C7D623 /* Household accounting appTests */ = {
			isa = PBXNativeTarget;
			buildConfigurationList = FFC0869D2DC4BB7C00C7D623 /* Build configuration list for PBXNativeTarget "Household accounting appTests" */;
			buildPhases = (
				FFC086822DC4BB7C00C7D623 /* Sources */,
				FFC086832DC4BB7C00C7D623 /* Frameworks */,
				FFC086842DC4BB7C00C7D623 /* Resources */,
			);
			buildRules = (
			);
			dependencies = (
				FFC086882DC4BB7C00C7D623 /* PBXTargetDependency */,
			);
			fileSystemSynchronizedGroups = (
				FFC086892DC4BB7C00C7D623 /* Household accounting appTests */,
			);
			name = "Household accounting appTests";
			packageProductDependencies = (
			);
			productName = "Household accounting appTests";
			productReference = FFC086862DC4BB7C00C7D623 /* Household accounting appTests.xctest */;
			productType = "com.apple.product-type.bundle.unit-test";
		};
		FFC0868F2DC4BB7C00C7D623 /* Household accounting appUITests */ = {
			isa = PBXNativeTarget;
			buildConfigurationList = FFC086A02DC4BB7C00C7D623 /* Build configuration list for PBXNativeTarget "Household accounting appUITests" */;
			buildPhases = (
				FFC0868C2DC4BB7C00C7D623 /* Sources */,
				FFC0868D2DC4BB7C00C7D623 /* Frameworks */,
				FFC0868E2DC4BB7C00C7D623 /* Resources */,
			);
			buildRules = (
			);
			dependencies = (
				FFC086922DC4BB7C00C7D623 /* PBXTargetDependency */,
			);
			fileSystemSynchronizedGroups = (
				FFC086932DC4BB7C00C7D623 /* Household accounting appUITests */,
			);
			name = "Household accounting appUITests";
			packageProductDependencies = (
			);
			productName = "Household accounting appUITests";
			productReference = FFC086902DC4BB7C00C7D623 /* Household accounting appUITests.xctest */;
			productType = "com.apple.product-type.bundle.ui-testing";
		};
/* End PBXNativeTarget section */

/* Begin PBXProject section */
		FFC0866E2DC4BB7A00C7D623 /* Project object */ = {
			isa = PBXProject;
			attributes = {
				BuildIndependentTargetsInParallel = 1;
				LastSwiftUpdateCheck = 1620;
				LastUpgradeCheck = 1620;
				TargetAttributes = {
					FFC086752DC4BB7A00C7D623 = {
						CreatedOnToolsVersion = 16.2;
					};
					FFC086852DC4BB7C00C7D623 = {
						CreatedOnToolsVersion = 16.2;
						TestTargetID = FFC086752DC4BB7A00C7D623;
					};
					FFC0868F2DC4BB7C00C7D623 = {
						CreatedOnToolsVersion = 16.2;
						TestTargetID = FFC086752DC4BB7A00C7D623;
					};
				};
			};
			buildConfigurationList = FFC086712DC4BB7A00C7D623 /* Build configuration list for PBXProject "Household accounting app" */;
			developmentRegion = en;
			hasScannedForEncodings = 0;
			knownRegions = (
				en,
				Base,
			);
			mainGroup = FFC0866D2DC4BB7A00C7D623;
			minimizedProjectReferenceProxies = 1;
			preferredProjectObjectVersion = 77;
			productRefGroup = FFC086772DC4BB7A00C7D623 /* Products */;
			projectDirPath = "";
			projectRoot = "";
			targets = (
				FFC086752DC4BB7A00C7D623 /* Household accounting app */,
				FFC086852DC4BB7C00C7D623 /* Household accounting appTests */,
				FFC0868F2DC4BB7C00C7D623 /* Household accounting appUITests */,
			);
		};
/* End PBXProject section */

/* Begin PBXResourcesBuildPhase section */
		FFC086742DC4BB7A00C7D623 /* Resources */ = {
			isa = PBXResourcesBuildPhase;
			buildActionMask = 2147483647;
			files = (
			);
			runOnlyForDeploymentPostprocessing = 0;
		};
		FFC086842DC4BB7C00C7D623 /* Resources */ = {
			isa = PBXResourcesBuildPhase;
			buildActionMask = 2147483647;
			files = (
			);
			runOnlyForDeploymentPostprocessing = 0;
		};
		FFC0868E2DC4BB7C00C7D623 /* Resources */ = {
			isa = PBXResourcesBuildPhase;
			buildActionMask = 2147483647;
			files = (
			);
			runOnlyForDeploymentPostprocessing = 0;
		};
/* End PBXResourcesBuildPhase section */

/* Begin PBXSourcesBuildPhase section */
		FFC086722DC4BB7A00C7D623 /* Sources */ = {
			isa = PBXSourcesBuildPhase;
			buildActionMask = 2147483647;
			files = (
			);
			runOnlyForDeploymentPostprocessing = 0;
		};
		FFC086822DC4BB7C00C7D623 /* Sources */ = {
			isa = PBXSourcesBuildPhase;
			buildActionMask = 2147483647;
			files = (
			);
			runOnlyForDeploymentPostprocessing = 0;
		};
		FFC0868C2DC4BB7C00C7D623 /* Sources */ = {
			isa = PBXSourcesBuildPhase;
			buildActionMask = 2147483647;
			files = (
			);
			runOnlyForDeploymentPostprocessing = 0;
		};
/* End PBXSourcesBuildPhase section */

/* Begin PBXTargetDependency section */
		FFC086882DC4BB7C00C7D623 /* PBXTargetDependency */ = {
			isa = PBXTargetDependency;
			target = FFC086752DC4BB7A00C7D623 /* Household accounting app */;
			targetProxy = FFC086872DC4BB7C00C7D623 /* PBXContainerItemProxy */;
		};
		FFC086922DC4BB7C00C7D623 /* PBXTargetDependency */ = {
			isa = PBXTargetDependency;
			target = FFC086752DC4BB7A00C7D623 /* Household accounting app */;
			targetProxy = FFC086912DC4BB7C00C7D623 /* PBXContainerItemProxy */;
		};
/* End PBXTargetDependency section */

/* Begin XCBuildConfiguration section */
		FFC086982DC4BB7C00C7D623 /* Debug */ = {
			isa = XCBuildConfiguration;
			buildSettings = {
				ALWAYS_SEARCH_USER_PATHS = NO;
				ASSETCATALOG_COMPILER_GENERATE_SWIFT_ASSET_SYMBOL_EXTENSIONS = YES;
				CLANG_ANALYZER_NONNULL = YES;
				CLANG_ANALYZER_NUMBER_OBJECT_CONVERSION = YES_AGGRESSIVE;
				CLANG_CXX_LANGUAGE_STANDARD = "gnu++20";
				CLANG_ENABLE_MODULES = YES;
				CLANG_ENABLE_OBJC_ARC = YES;
				CLANG_ENABLE_OBJC_WEAK = YES;
				CLANG_WARN_BLOCK_CAPTURE_AUTORELEASING = YES;
				CLANG_WARN_BOOL_CONVERSION = YES;
				CLANG_WARN_COMMA = YES;
				CLANG_WARN_CONSTANT_CONVERSION = YES;
				CLANG_WARN_DEPRECATED_OBJC_IMPLEMENTATIONS = YES;
				CLANG_WARN_DIRECT_OBJC_ISA_USAGE = YES_ERROR;
				CLANG_WARN_DOCUMENTATION_COMMENTS = YES;
				CLANG_WARN_EMPTY_BODY = YES;
				CLANG_WARN_ENUM_CONVERSION = YES;
				CLANG_WARN_INFINITE_RECURSION = YES;
				CLANG_WARN_INT_CONVERSION = YES;
				CLANG_WARN_NON_LITERAL_NULL_CONVERSION = YES;
				CLANG_WARN_OBJC_IMPLICIT_RETAIN_SELF = YES;
				CLANG_WARN_OBJC_LITERAL_CONVERSION = YES;
				CLANG_WARN_OBJC_ROOT_CLASS = YES_ERROR;
				CLANG_WARN_QUOTED_INCLUDE_IN_FRAMEWORK_HEADER = YES;
				CLANG_WARN_RANGE_LOOP_ANALYSIS = YES;
				CLANG_WARN_STRICT_PROTOTYPES = YES;
				CLANG_WARN_SUSPICIOUS_MOVE = YES;
				CLANG_WARN_UNGUARDED_AVAILABILITY = YES_AGGRESSIVE;
				CLANG_WARN_UNREACHABLE_CODE = YES;
				CLANG_WARN__DUPLICATE_METHOD_MATCH = YES;
				COPY_PHASE_STRIP = NO;
				DEBUG_INFORMATION_FORMAT = dwarf;
				ENABLE_STRICT_OBJC_MSGSEND = YES;
				ENABLE_TESTABILITY = YES;
				ENABLE_USER_SCRIPT_SANDBOXING = YES;
				GCC_C_LANGUAGE_STANDARD = gnu17;
				GCC_DYNAMIC_NO_PIC = NO;
				GCC_NO_COMMON_BLOCKS = YES;
				GCC_OPTIMIZATION_LEVEL = 0;
				GCC_PREPROCESSOR_DEFINITIONS = (
					"DEBUG=1",
					"$(inherited)",
				);
				GCC_WARN_64_TO_32_BIT_CONVERSION = YES;
				GCC_WARN_ABOUT_RETURN_TYPE = YES_ERROR;
				GCC_WARN_UNDECLARED_SELECTOR = YES;
				GCC_WARN_UNINITIALIZED_AUTOS = YES_AGGRESSIVE;
				GCC_WARN_UNUSED_FUNCTION = YES;
				GCC_WARN_UNUSED_VARIABLE = YES;
				IPHONEOS_DEPLOYMENT_TARGET = 18.2;
				LOCALIZATION_PREFERS_STRING_CATALOGS = YES;
				MTL_ENABLE_DEBUG_INFO = INCLUDE_SOURCE;
				MTL_FAST_MATH = YES;
				ONLY_ACTIVE_ARCH = YES;
				SDKROOT = iphoneos;
				SWIFT_ACTIVE_COMPILATION_CONDITIONS = "DEBUG $(inherited)";
				SWIFT_OPTIMIZATION_LEVEL = "-Onone";
			};
			name = Debug;
		};
		FFC086992DC4BB7C00C7D623 /* Release */ = {
			isa = XCBuildConfiguration;
			buildSettings = {
				ALWAYS_SEARCH_USER_PATHS = NO;
				ASSETCATALOG_COMPILER_GENERATE_SWIFT_ASSET_SYMBOL_EXTENSIONS = YES;
				CLANG_ANALYZER_NONNULL = YES;
				CLANG_ANALYZER_NUMBER_OBJECT_CONVERSION = YES_AGGRESSIVE;
				CLANG_CXX_LANGUAGE_STANDARD = "gnu++20";
				CLANG_ENABLE_MODULES = YES;
				CLANG_ENABLE_OBJC_ARC = YES;
				CLANG_ENABLE_OBJC_WEAK = YES;
				CLANG_WARN_BLOCK_CAPTURE_AUTORELEASING = YES;
				CLANG_WARN_BOOL_CONVERSION = YES;
				CLANG_WARN_COMMA = YES;
				CLANG_WARN_CONSTANT_CONVERSION = YES;
				CLANG_WARN_DEPRECATED_OBJC_IMPLEMENTATIONS = YES;
				CLANG_WARN_DIRECT_OBJC_ISA_USAGE = YES_ERROR;
				CLANG_WARN_DOCUMENTATION_COMMENTS = YES;
				CLANG_WARN_EMPTY_BODY = YES;
				CLANG_WARN_ENUM_CONVERSION = YES;
				CLANG_WARN_INFINITE_RECURSION = YES;
				CLANG_WARN_INT_CONVERSION = YES;
				CLANG_WARN_NON_LITERAL_NULL_CONVERSION = YES;
				CLANG_WARN_OBJC_IMPLICIT_RETAIN_SELF = YES;
				CLANG_WARN_OBJC_LITERAL_CONVERSION = YES;
				CLANG_WARN_OBJC_ROOT_CLASS = YES_ERROR;
				CLANG_WARN_QUOTED_INCLUDE_IN_FRAMEWORK_HEADER = YES;
				CLANG_WARN_RANGE_LOOP_ANALYSIS = YES;
				CLANG_WARN_STRICT_PROTOTYPES = YES;
				CLANG_WARN_SUSPICIOUS_MOVE = YES;
				CLANG_WARN_UNGUARDED_AVAILABILITY = YES_AGGRESSIVE;
				CLANG_WARN_UNREACHABLE_CODE = YES;
				CLANG_WARN__DUPLICATE_METHOD_MATCH = YES;
				COPY_PHASE_STRIP = NO;
				DEBUG_INFORMATION_FORMAT = "dwarf-with-dsym";
				ENABLE_NS_ASSERTIONS = NO;
				ENABLE_STRICT_OBJC_MSGSEND = YES;
				ENABLE_USER_SCRIPT_SANDBOXING = YES;
				GCC_C_LANGUAGE_STANDARD = gnu17;
				GCC_NO_COMMON_BLOCKS = YES;
				GCC_WARN_64_TO_32_BIT_CONVERSION = YES;
				GCC_WARN_ABOUT_RETURN_TYPE = YES_ERROR;
				GCC_WARN_UNDECLARED_SELECTOR = YES;
				GCC_WARN_UNINITIALIZED_AUTOS = YES_AGGRESSIVE;
				GCC_WARN_UNUSED_FUNCTION = YES;
				GCC_WARN_UNUSED_VARIABLE = YES;
				IPHONEOS_DEPLOYMENT_TARGET = 18.2;
				LOCALIZATION_PREFERS_STRING_CATALOGS = YES;
				MTL_ENABLE_DEBUG_INFO = NO;
				MTL_FAST_MATH = YES;
				SDKROOT = iphoneos;
				SWIFT_COMPILATION_MODE = wholemodule;
				VALIDATE_PRODUCT = YES;
			};
			name = Release;
		};
		FFC0869B2DC4BB7C00C7D623 /* Debug */ = {
			isa = XCBuildConfiguration;
			buildSettings = {
				ASSETCATALOG_COMPILER_APPICON_NAME = AppIcon;
				ASSETCATALOG_COMPILER_GLOBAL_ACCENT_COLOR_NAME = AccentColor;
				CODE_SIGN_STYLE = Automatic;
				CURRENT_PROJECT_VERSION = 1;
				DEVELOPMENT_ASSET_PATHS = "\"Household accounting app/Preview Content\"";
				ENABLE_PREVIEWS = YES;
				GENERATE_INFOPLIST_FILE = YES;
				INFOPLIST_KEY_UIApplicationSceneManifest_Generation = YES;
				INFOPLIST_KEY_UIApplicationSupportsIndirectInputEvents = YES;
				INFOPLIST_KEY_UILaunchScreen_Generation = YES;
				INFOPLIST_KEY_UISupportedInterfaceOrientations_iPad = "UIInterfaceOrientationPortrait UIInterfaceOrientationPortraitUpsideDown UIInterfaceOrientationLandscapeLeft UIInterfaceOrientationLandscapeRight";
				INFOPLIST_KEY_UISupportedInterfaceOrientations_iPhone = "UIInterfaceOrientationPortrait UIInterfaceOrientationLandscapeLeft UIInterfaceOrientationLandscapeRight";
				LD_RUNPATH_SEARCH_PATHS = (
					"$(inherited)",
					"@executable_path/Frameworks",
				);
				MARKETING_VERSION = 1.0;
				PRODUCT_BUNDLE_IDENTIFIER = "com.yuta.Household-accounting-app";
				PRODUCT_NAME = "$(TARGET_NAME)";
				SWIFT_EMIT_LOC_STRINGS = YES;
				SWIFT_VERSION = 5.0;
				TARGETED_DEVICE_FAMILY = "1,2";
			};
			name = Debug;
		};
		FFC0869C2DC4BB7C00C7D623 /* Release */ = {
			isa = XCBuildConfiguration;
			buildSettings = {
				ASSETCATALOG_COMPILER_APPICON_NAME = AppIcon;
				ASSETCATALOG_COMPILER_GLOBAL_ACCENT_COLOR_NAME = AccentColor;
				CODE_SIGN_STYLE = Automatic;
				CURRENT_PROJECT_VERSION = 1;
				DEVELOPMENT_ASSET_PATHS = "\"Household accounting app/Preview Content\"";
				ENABLE_PREVIEWS = YES;
				GENERATE_INFOPLIST_FILE = YES;
				INFOPLIST_KEY_UIApplicationSceneManifest_Generation = YES;
				INFOPLIST_KEY_UIApplicationSupportsIndirectInputEvents = YES;
				INFOPLIST_KEY_UILaunchScreen_Generation = YES;
				INFOPLIST_KEY_UISupportedInterfaceOrientations_iPad = "UIInterfaceOrientationPortrait UIInterfaceOrientationPortraitUpsideDown UIInterfaceOrientationLandscapeLeft UIInterfaceOrientationLandscapeRight";
				INFOPLIST_KEY_UISupportedInterfaceOrientations_iPhone = "UIInterfaceOrientationPortrait UIInterfaceOrientationLandscapeLeft UIInterfaceOrientationLandscapeRight";
				LD_RUNPATH_SEARCH_PATHS = (
					"$(inherited)",
					"@executable_path/Frameworks",
				);
				MARKETING_VERSION = 1.0;
				PRODUCT_BUNDLE_IDENTIFIER = "com.yuta.Household-accounting-app";
				PRODUCT_NAME = "$(TARGET_NAME)";
				SWIFT_EMIT_LOC_STRINGS = YES;
				SWIFT_VERSION = 5.0;
				TARGETED_DEVICE_FAMILY = "1,2";
			};
			name = Release;
		};
		FFC0869E2DC4BB7C00C7D623 /* Debug */ = {
			isa = XCBuildConfiguration;
			buildSettings = {
				BUNDLE_LOADER = "$(TEST_HOST)";
				CODE_SIGN_STYLE = Automatic;
				CURRENT_PROJECT_VERSION = 1;
				GENERATE_INFOPLIST_FILE = YES;
				IPHONEOS_DEPLOYMENT_TARGET = 18.2;
				MARKETING_VERSION = 1.0;
				PRODUCT_BUNDLE_IDENTIFIER = "com.yuta.Household-accounting-appTests";
				PRODUCT_NAME = "$(TARGET_NAME)";
				SWIFT_EMIT_LOC_STRINGS = NO;
				SWIFT_VERSION = 5.0;
				TARGETED_DEVICE_FAMILY = "1,2";
				TEST_HOST = "$(BUILT_PRODUCTS_DIR)/Household accounting app.app/$(BUNDLE_EXECUTABLE_FOLDER_PATH)/Household accounting app";
			};
			name = Debug;
		};
		FFC0869F2DC4BB7C00C7D623 /* Release */ = {
			isa = XCBuildConfiguration;
			buildSettings = {
				BUNDLE_LOADER = "$(TEST_HOST)";
				CODE_SIGN_STYLE = Automatic;
				CURRENT_PROJECT_VERSION = 1;
				GENERATE_INFOPLIST_FILE = YES;
				IPHONEOS_DEPLOYMENT_TARGET = 18.2;
				MARKETING_VERSION = 1.0;
				PRODUCT_BUNDLE_IDENTIFIER = "com.yuta.Household-accounting-appTests";
				PRODUCT_NAME = "$(TARGET_NAME)";
				SWIFT_EMIT_LOC_STRINGS = NO;
				SWIFT_VERSION = 5.0;
				TARGETED_DEVICE_FAMILY = "1,2";
				TEST_HOST = "$(BUILT_PRODUCTS_DIR)/Household accounting app.app/$(BUNDLE_EXECUTABLE_FOLDER_PATH)/Household accounting app";
			};
			name = Release;
		};
		FFC086A12DC4BB7C00C7D623 /* Debug */ = {
			isa = XCBuildConfiguration;
			buildSettings = {
				CODE_SIGN_STYLE = Automatic;
				CURRENT_PROJECT_VERSION = 1;
				GENERATE_INFOPLIST_FILE = YES;
				MARKETING_VERSION = 1.0;
				PRODUCT_BUNDLE_IDENTIFIER = "com.yuta.Household-accounting-appUITests";
				PRODUCT_NAME = "$(TARGET_NAME)";
				SWIFT_EMIT_LOC_STRINGS = NO;
				SWIFT_VERSION = 5.0;
				TARGETED_DEVICE_FAMILY = "1,2";
				TEST_TARGET_NAME = "Household accounting app";
			};
			name = Debug;
		};
		FFC086A22DC4BB7C00C7D623 /* Release */ = {
			isa = XCBuildConfiguration;
			buildSettings = {
				CODE_SIGN_STYLE = Automatic;
				CURRENT_PROJECT_VERSION = 1;
				GENERATE_INFOPLIST_FILE = YES;
				MARKETING_VERSION = 1.0;
				PRODUCT_BUNDLE_IDENTIFIER = "com.yuta.Household-accounting-appUITests";
				PRODUCT_NAME = "$(TARGET_NAME)";
				SWIFT_EMIT_LOC_STRINGS = NO;
				SWIFT_VERSION = 5.0;
				TARGETED_DEVICE_FAMILY = "1,2";
				TEST_TARGET_NAME = "Household accounting app";
			};
			name = Release;
		};
/* End XCBuildConfiguration section */

/* Begin XCConfigurationList section */
		FFC086712DC4BB7A00C7D623 /* Build configuration list for PBXProject "Household accounting app" */ = {
			isa = XCConfigurationList;
			buildConfigurations = (
				FFC086982DC4BB7C00C7D623 /* Debug */,
				FFC086992DC4BB7C00C7D623 /* Release */,
			);
			defaultConfigurationIsVisible = 0;
			defaultConfigurationName = Release;
		};
		FFC0869A2DC4BB7C00C7D623 /* Build configuration list for PBXNativeTarget "Household accounting app" */ = {
			isa = XCConfigurationList;
			buildConfigurations = (
				FFC0869B2DC4BB7C00C7D623 /* Debug */,
				FFC0869C2DC4BB7C00C7D623 /* Release */,
			);
			defaultConfigurationIsVisible = 0;
			defaultConfigurationName = Release;
		};
		FFC0869D2DC4BB7C00C7D623 /* Build configuration list for PBXNativeTarget "Household accounting appTests" */ = {
			isa = XCConfigurationList;
			buildConfigurations = (
				FFC0869E2DC4BB7C00C7D623 /* Debug */,
				FFC0869F2DC4BB7C00C7D623 /* Release */,
			);
			defaultConfigurationIsVisible = 0;
			defaultConfigurationName = Release;
		};
		FFC086A02DC4BB7C00C7D623 /* Build configuration list for PBXNativeTarget "Household accounting appUITests" */ = {
			isa = XCConfigurationList;
			buildConfigurations = (
				FFC086A12DC4BB7C00C7D623 /* Debug */,
				FFC086A22DC4BB7C00C7D623 /* Release */,
			);
			defaultConfigurationIsVisible = 0;
			defaultConfigurationName = Release;
		};
/* End XCConfigurationList section */
	};
	rootObject = FFC0866E2DC4BB7A00C7D623 /* Project object */;
}
